
Microsoft Visual Studio Solution File, Format Version 12.00
# Visual Studio 2013
VisualStudioVersion = 12.0.21005.1
MinimumVisualStudioVersion = 10.0.40219.1
Project("{FAE04EC0-301F-11D3-BF4B-00C04F79EFBC}") = "Processo", "Processo\Processo.csproj", "{81D14E72-1FCC-448C-B98C-C94A4A672233}"
EndProject
Project("{FAE04EC0-301F-11D3-BF4B-00C04F79EFBC}") = "Web", "Web\Web.csproj", "{0CEF3C27-9058-4FA2-9880-707699FB535E}"
EndProject
Global
	GlobalSection(SolutionConfigurationPlatforms) = preSolution
		Debug|Any CPU = Debug|Any CPU
		Release|Any CPU = Release|Any CPU
	EndGlobalSection
	GlobalSection(ProjectConfigurationPlatforms) = postSolution
		{81D14E72-1FCC-448C-B98C-C94A4A672233}.Debug|Any CPU.ActiveCfg = Debug|Any CPU
		{81D14E72-1FCC-448C-B98C-C94A4A672233}.Debug|Any CPU.Build.0 = Debug|Any CPU
		{81D14E72-1FCC-448C-B98C-C94A4A672233}.Release|Any CPU.ActiveCfg = Release|Any CPU
		{81D14E72-1FCC-448C-B98C-C94A4A672233}.Release|Any CPU.Build.0 = Release|Any CPU
		{0CEF3C27-9058-4FA2-9880-707699FB535E}.Debug|Any CPU.ActiveCfg = Debug|Any CPU
		{0CEF3C27-9058-4FA2-9880-707699FB535E}.Debug|Any CPU.Build.0 = Debug|Any CPU
		{0CEF3C27-9058-4FA2-9880-707699FB535E}.Release|Any CPU.ActiveCfg = Release|Any CPU
		{0CEF3C27-9058-4FA2-9880-707699FB535E}.Release|Any CPU.Build.0 = Release|Any CPU
	EndGlobalSection
	GlobalSection(SolutionProperties) = preSolution
		HideSolutionNode = FALSE
	EndGlobalSection
EndGlobal
